<?xml version="1.0" encoding="utf-8"?>
<Project ToolsVersion="4.0" xmlns="http://schemas.microsoft.com/developer/msbuild/2003">
  <ItemGroup>
    <ClCompile Include="Window.cpp">
      <Filter>GameEngine\WindowSystem</Filter>
    </ClCompile>
    <ClCompile Include="AppWindow.cpp">
      <Filter>App</Filter>
    </ClCompile>
    <ClCompile Include="main.cpp">
      <Filter>App</Filter>
    </ClCompile>
    <ClCompile Include="GraphicsEngine.cpp">
      <Filter>GameEngine\Graphics</Filter>
    </ClCompile>
    <ClCompile Include="SwapChain.cpp">
      <Filter>GameEngine\Graphics\RenderingSystem\SwapChain</Filter>
    </ClCompile>
    <ClCompile Include="DeviceContext.cpp">
      <Filter>GameEngine\Graphics\RenderingSystem\DeviceContext</Filter>
    </ClCompile>
    <ClCompile Include="VertexBuffer.cpp">
      <Filter>GameEngine\Graphics\RenderingSystem\VertexBuffer</Filter>
    </ClCompile>
    <ClCompile Include="VertexShader.cpp">
      <Filter>GameEngine\Graphics\RenderingSystem\VertexShader</Filter>
    </ClCompile>
    <ClCompile Include="PixelShader.cpp">
      <Filter>GameEngine\Graphics\RenderingSystem\PixelShader</Filter>
    </ClCompile>
    <ClCompile Include="ConstantBuffer.cpp">
      <Filter>GameEngine\Graphics\RenderingSystem\ConstantBuffer</Filter>
    </ClCompile>
    <ClCompile Include="IndexBuffer.cpp">
      <Filter>GameEngine\Graphics\RenderingSystem\IndexBuffer</Filter>
    </ClCompile>
    <ClCompile Include="InputSystem.cpp">
      <Filter>GameEngine\InputSystem</Filter>
    </ClCompile>
    <ClCompile Include="EngineTime.cpp">
      <Filter>GameEngine\Backend</Filter>
    </ClCompile>
    <ClCompile Include="AGameObject.cpp">
      <Filter>GameEngine\Graphics\RenderingSystem\Primitives</Filter>
    </ClCompile>
    <ClCompile Include="CubePrimitive.cpp">
      <Filter>GameEngine\Graphics\RenderingSystem\Primitives</Filter>
    </ClCompile>
    <ClCompile Include="PrimitiveManager.cpp">
      <Filter>GameEngine\Graphics\RenderingSystem\Primitives</Filter>
    </ClCompile>
    <ClCompile Include="RenderingSystem.cpp">
      <Filter>GameEngine\Graphics\RenderingSystem</Filter>
    </ClCompile>
    <ClCompile Include="ViewportCameraManager.cpp">
      <Filter>GameEngine\Graphics\RenderingSystem\ViewportCamera</Filter>
    </ClCompile>
    <ClCompile Include="Camera.cpp">
      <Filter>GameEngine\Graphics\RenderingSystem\ViewportCamera</Filter>
    </ClCompile>
    <ClCompile Include="MathUtils.cpp">
      <Filter>GameEngine\Math</Filter>
    </ClCompile>
    <ClCompile Include="PlanePrimitive.cpp">
      <Filter>GameEngine\Graphics\RenderingSystem\Primitives</Filter>
    </ClCompile>
    <ClCompile Include="ShaderCollection.cpp">
      <Filter>GameEngine\Graphics\RenderingSystem\Shaders</Filter>
    </ClCompile>
    <ClCompile Include="LinePrimitive.cpp">
      <Filter>GameEngine\Graphics\RenderingSystem\Primitives</Filter>
    </ClCompile>
    <ClCompile Include="imgui.cpp">
      <Filter>GameEngine\ImGui</Filter>
    </ClCompile>
    <ClCompile Include="imgui_draw.cpp">
      <Filter>GameEngine\ImGui</Filter>
    </ClCompile>
    <ClCompile Include="imgui_impl_dx11.cpp">
      <Filter>GameEngine\ImGui</Filter>
    </ClCompile>
    <ClCompile Include="imgui_impl_win32.cpp">
      <Filter>GameEngine\ImGui</Filter>
    </ClCompile>
    <ClCompile Include="imgui_widgets.cpp">
      <Filter>GameEngine\ImGui</Filter>
    </ClCompile>
    <ClCompile Include="AUIScreen.cpp">
      <Filter>GameEngine\Graphics\UI</Filter>
    </ClCompile>
    <ClCompile Include="UIManager.cpp">
      <Filter>GameEngine\Graphics\UI</Filter>
    </ClCompile>
    <ClCompile Include="Credits_UI.cpp">
      <Filter>GameEngine\Graphics\UI\Credits Screen</Filter>
    </ClCompile>
    <ClCompile Include="MenuToolbar.cpp">
      <Filter>GameEngine\Graphics\UI\Menu Toolbar</Filter>
    </ClCompile>
    <ClCompile Include="imgui_demo.cpp">
      <Filter>GameEngine\ImGui</Filter>
    </ClCompile>
    <ClCompile Include="ColorPickerScreen.cpp">
      <Filter>GameEngine\Graphics\UI\ColorPicker Screen</Filter>
    </ClCompile>
    <ClCompile Include="ResourceManager.cpp">
      <Filter>GameEngine\Graphics\Resource Manager</Filter>
    </ClCompile>
    <ClCompile Include="Resource.cpp">
      <Filter>GameEngine\Graphics\Resource Manager</Filter>
    </ClCompile>
    <ClCompile Include="TextureManager.cpp">
      <Filter>GameEngine\Graphics\Resource Manager\Texture Manager</Filter>
    </ClCompile>
    <ClCompile Include="Texture.cpp">
      <Filter>GameEngine\Graphics\Resource Manager\Texture Manager</Filter>
    </ClCompile>
  </ItemGroup>
  <ItemGroup>
    <ClInclude Include="Window.h">
      <Filter>GameEngine\WindowSystem</Filter>
    </ClInclude>
    <ClInclude Include="AppWindow.h">
      <Filter>App</Filter>
    </ClInclude>
    <ClInclude Include="GraphicsEngine.h">
      <Filter>GameEngine\Graphics</Filter>
    </ClInclude>
    <ClInclude Include="SwapChain.h">
      <Filter>GameEngine\Graphics\RenderingSystem\SwapChain</Filter>
    </ClInclude>
    <ClInclude Include="DeviceContext.h">
      <Filter>GameEngine\Graphics\RenderingSystem\DeviceContext</Filter>
    </ClInclude>
    <ClInclude Include="VertexBuffer.h">
      <Filter>GameEngine\Graphics\RenderingSystem\VertexBuffer</Filter>
    </ClInclude>
    <ClInclude Include="VertexShader.h">
      <Filter>GameEngine\Graphics\RenderingSystem\VertexShader</Filter>
    </ClInclude>
    <ClInclude Include="PixelShader.h">
      <Filter>GameEngine\Graphics\RenderingSystem\PixelShader</Filter>
    </ClInclude>
    <ClInclude Include="ConstantBuffer.h">
      <Filter>GameEngine\Graphics\RenderingSystem\ConstantBuffer</Filter>
    </ClInclude>
    <ClInclude Include="Vector3D.h">
      <Filter>GameEngine\Math</Filter>
    </ClInclude>
    <ClInclude Include="Matrix4x4.h">
      <Filter>GameEngine\Math</Filter>
    </ClInclude>
    <ClInclude Include="IndexBuffer.h">
      <Filter>GameEngine\Graphics\RenderingSystem\IndexBuffer</Filter>
    </ClInclude>
    <ClInclude Include="InputSystem.h">
      <Filter>GameEngine\InputSystem</Filter>
    </ClInclude>
    <ClInclude Include="InputListener.h">
      <Filter>GameEngine\InputSystem</Filter>
    </ClInclude>
    <ClInclude Include="Point.h">
      <Filter>GameEngine\Math</Filter>
    </ClInclude>
    <ClInclude Include="Vector4D.h">
      <Filter>GameEngine\Math</Filter>
    </ClInclude>
    <ClInclude Include="EngineTime.h">
      <Filter>GameEngine\Backend</Filter>
    </ClInclude>
    <ClInclude Include="AGameObject.h">
      <Filter>GameEngine\Graphics\RenderingSystem\Primitives</Filter>
    </ClInclude>
    <ClInclude Include="CubePrimitive.h">
      <Filter>GameEngine\Graphics\RenderingSystem\Primitives</Filter>
    </ClInclude>
    <ClInclude Include="PrimitiveManager.h">
      <Filter>GameEngine\Graphics\RenderingSystem\Primitives</Filter>
    </ClInclude>
    <ClInclude Include="RenderingSystem.h">
      <Filter>GameEngine\Graphics\RenderingSystem</Filter>
    </ClInclude>
    <ClInclude Include="Prerequisites.h">
      <Filter>GameEngine\Graphics</Filter>
    </ClInclude>
    <ClInclude Include="ViewportCameraManager.h">
      <Filter>GameEngine\Graphics\RenderingSystem\ViewportCamera</Filter>
    </ClInclude>
    <ClInclude Include="Camera.h">
      <Filter>GameEngine\Graphics\RenderingSystem\ViewportCamera</Filter>
    </ClInclude>
    <ClInclude Include="MathUtils.h">
      <Filter>GameEngine\Math</Filter>
    </ClInclude>
    <ClInclude Include="PlanePrimitive.h">
      <Filter>GameEngine\Graphics\RenderingSystem\Primitives</Filter>
    </ClInclude>
    <ClInclude Include="ShaderCollection.h">
      <Filter>GameEngine\Graphics\RenderingSystem\Shaders</Filter>
    </ClInclude>
    <ClInclude Include="LinePrimitive.h">
      <Filter>GameEngine\Graphics\RenderingSystem\Primitives</Filter>
    </ClInclude>
    <ClInclude Include="imconfig.h">
      <Filter>GameEngine\ImGui</Filter>
    </ClInclude>
    <ClInclude Include="imgui.h">
      <Filter>GameEngine\ImGui</Filter>
    </ClInclude>
    <ClInclude Include="imgui_impl_dx11.h">
      <Filter>GameEngine\ImGui</Filter>
    </ClInclude>
    <ClInclude Include="imgui_impl_win32.h">
      <Filter>GameEngine\ImGui</Filter>
    </ClInclude>
    <ClInclude Include="imgui_internal.h">
      <Filter>GameEngine\ImGui</Filter>
    </ClInclude>
    <ClInclude Include="imstb_rectpack.h">
      <Filter>GameEngine\ImGui</Filter>
    </ClInclude>
    <ClInclude Include="imstb_textedit.h">
      <Filter>GameEngine\ImGui</Filter>
    </ClInclude>
    <ClInclude Include="imstb_truetype.h">
      <Filter>GameEngine\ImGui</Filter>
    </ClInclude>
    <ClInclude Include="AUIScreen.h">
      <Filter>GameEngine\Graphics\UI</Filter>
    </ClInclude>
    <ClInclude Include="UIManager.h">
      <Filter>GameEngine\Graphics\UI</Filter>
    </ClInclude>
    <ClInclude Include="Credits_UI.h">
      <Filter>GameEngine\Graphics\UI\Credits Screen</Filter>
    </ClInclude>
    <ClInclude Include="MenuToolbar.h">
      <Filter>GameEngine\Graphics\UI\Menu Toolbar</Filter>
    </ClInclude>
    <ClInclude Include="ColorPickerScreen.h">
      <Filter>GameEngine\Graphics\UI\ColorPicker Screen</Filter>
    </ClInclude>
    <ClInclude Include="ResourceManager.h">
      <Filter>GameEngine\Graphics\Resource Manager</Filter>
    </ClInclude>
    <ClInclude Include="Resource.h">
      <Filter>GameEngine\Graphics\Resource Manager</Filter>
    </ClInclude>
    <ClInclude Include="TextureManager.h">
      <Filter>GameEngine\Graphics\Resource Manager\Texture Manager</Filter>
    </ClInclude>
    <ClInclude Include="Texture.h">
      <Filter>GameEngine\Graphics\Resource Manager\Texture Manager</Filter>
    </ClInclude>
  </ItemGroup>
  <ItemGroup>
    <Filter Include="App">
      <UniqueIdentifier>{f7526e48-a53e-44cd-9da7-1150f8b5c88e}</UniqueIdentifier>
    </Filter>
    <Filter Include="GameEngine">
      <UniqueIdentifier>{dd889003-fef6-494e-a964-8efbae621351}</UniqueIdentifier>
    </Filter>
    <Filter Include="GameEngine\WindowSystem">
      <UniqueIdentifier>{e6f900d2-1a28-47cd-99ac-dcfafff62df1}</UniqueIdentifier>
    </Filter>
    <Filter Include="GameEngine\Graphics">
      <UniqueIdentifier>{f964c829-a20d-4278-855c-d3089681f808}</UniqueIdentifier>
    </Filter>
    <Filter Include="GameEngine\Math">
      <UniqueIdentifier>{e87f504e-33be-4fdc-a961-f50e9066017d}</UniqueIdentifier>
    </Filter>
    <Filter Include="GameEngine\InputSystem">
      <UniqueIdentifier>{cb081549-257d-489a-a343-e4a601de67dc}</UniqueIdentifier>
    </Filter>
    <Filter Include="GameEngine\Backend">
      <UniqueIdentifier>{3671f5b3-cf78-4be2-83a8-3cc2c69afbf8}</UniqueIdentifier>
    </Filter>
    <Filter Include="GameEngine\Graphics\RenderingSystem">
      <UniqueIdentifier>{108b6113-865e-4f7f-a4ef-f5cb7806b4df}</UniqueIdentifier>
    </Filter>
    <Filter Include="GameEngine\Graphics\RenderingSystem\ConstantBuffer">
      <UniqueIdentifier>{3c77fe63-2725-4609-8766-ce9ee949229a}</UniqueIdentifier>
    </Filter>
    <Filter Include="GameEngine\Graphics\RenderingSystem\DeviceContext">
      <UniqueIdentifier>{95227eec-47a0-4beb-8e05-c412b0a23d84}</UniqueIdentifier>
    </Filter>
    <Filter Include="GameEngine\Graphics\RenderingSystem\IndexBuffer">
      <UniqueIdentifier>{5109a899-9e4d-4720-8c49-83401c3f1df9}</UniqueIdentifier>
    </Filter>
    <Filter Include="GameEngine\Graphics\RenderingSystem\PixelShader">
      <UniqueIdentifier>{0578e950-de2d-4b4a-8ef1-dd25a416872e}</UniqueIdentifier>
    </Filter>
    <Filter Include="GameEngine\Graphics\RenderingSystem\SwapChain">
      <UniqueIdentifier>{26a1b6ad-3eef-4d8e-8038-209b0437e57b}</UniqueIdentifier>
    </Filter>
    <Filter Include="GameEngine\Graphics\RenderingSystem\VertexBuffer">
      <UniqueIdentifier>{b31830c8-7b08-4822-8f91-bae2588f21f8}</UniqueIdentifier>
    </Filter>
    <Filter Include="GameEngine\Graphics\RenderingSystem\VertexShader">
      <UniqueIdentifier>{7ca15995-b79a-4450-b1f4-96b2c5e62938}</UniqueIdentifier>
    </Filter>
    <Filter Include="GameEngine\Graphics\RenderingSystem\Shaders">
      <UniqueIdentifier>{83d0d972-a7ee-4414-9ac2-b1f9c3928922}</UniqueIdentifier>
    </Filter>
    <Filter Include="GameEngine\Graphics\RenderingSystem\Primitives">
      <UniqueIdentifier>{74b8ef68-ddf3-470a-a68f-e905c4cb55a3}</UniqueIdentifier>
    </Filter>
    <Filter Include="GameEngine\Graphics\RenderingSystem\ViewportCamera">
      <UniqueIdentifier>{1bb4c2e1-f123-4cb8-b2ce-92ff7d010cfd}</UniqueIdentifier>
    </Filter>
    <Filter Include="GameEngine\ImGui">
      <UniqueIdentifier>{04889e52-de58-4ba2-b7f5-b28bf1e7350c}</UniqueIdentifier>
    </Filter>
    <Filter Include="GameEngine\Graphics\UI">
      <UniqueIdentifier>{1f340bfa-0563-4959-891b-eb80842aee6b}</UniqueIdentifier>
    </Filter>
    <Filter Include="GameEngine\Graphics\UI\Credits Screen">
      <UniqueIdentifier>{d35901cd-8917-4fbb-8dc9-84e68c66a621}</UniqueIdentifier>
    </Filter>
    <Filter Include="GameEngine\Graphics\UI\Menu Toolbar">
      <UniqueIdentifier>{6ba60d92-900f-4047-9bf5-78fa7ea61af5}</UniqueIdentifier>
    </Filter>
    <Filter Include="GameEngine\Graphics\UI\ColorPicker Screen">
      <UniqueIdentifier>{4f8e1c2e-8002-453e-b64e-94a5aaf8a95b}</UniqueIdentifier>
    </Filter>
    <Filter Include="GameEngine\Graphics\Resource Manager">
      <UniqueIdentifier>{0af891e3-82d8-4d14-9578-441138c28063}</UniqueIdentifier>
    </Filter>
    <Filter Include="GameEngine\Graphics\Resource Manager\Texture Manager">
      <UniqueIdentifier>{e3ce5c49-7071-4b1d-bc5f-25e5fc42389c}</UniqueIdentifier>
    </Filter>
  </ItemGroup>
  <ItemGroup>
    <FxCompile Include="shader.fx">
      <Filter>GameEngine\Graphics\RenderingSystem\Shaders</Filter>
    </FxCompile>
    <FxCompile Include="AlbedoVertexShader.hlsl">
      <Filter>GameEngine\Graphics\RenderingSystem\Shaders</Filter>
    </FxCompile>
    <FxCompile Include="AlbedoPixelShader.hlsl">
      <Filter>GameEngine\Graphics\RenderingSystem\Shaders</Filter>
    </FxCompile>
    <FxCompile Include="LerpingAlbedoVertexShader.hlsl">
      <Filter>GameEngine\Graphics\RenderingSystem\Shaders</Filter>
    </FxCompile>
    <FxCompile Include="LerpingAlbedoPixelShader.hlsl">
      <Filter>GameEngine\Graphics\RenderingSystem\Shaders</Filter>
    </FxCompile>
  </ItemGroup>
  <ItemGroup>
    <None Include="imgui.ini">
      <Filter>GameEngine\ImGui</Filter>
    </None>
  </ItemGroup>
</Project>